{
  "name": "onlineShop",
  "requires": true,
  "lockfileVersion": 1,
  "dependencies": {
    "awesome-bootstrap-checkbox": {
      "version": "0.3.7",
      "resolved": "https://registry.npmjs.org/awesome-bootstrap-checkbox/-/awesome-bootstrap-checkbox-0.3.7.tgz",
      "integrity": "sha1-sRKXPubVv/QKshfEIBhcRwJR0OI="
    }
  }
}
